{
  "version": 4,
  "terraform_version": "1.5.7",
  "serial": 66,
  "lineage": "184d4afe-463d-c91a-f42e-6e96f9460d09",
  "outputs": {},
  "resources": [
    {
      "mode": "managed",
      "type": "azurerm_container_registry",
      "name": "acr",
      "provider": "provider[\"registry.terraform.io/hashicorp/azurerm\"]",
      "instances": [
        {
          "schema_version": 2,
          "attributes": {
            "admin_enabled": false,
            "admin_password": "",
            "admin_username": "",
            "anonymous_pull_enabled": false,
            "data_endpoint_enabled": false,
            "encryption": [],
            "export_policy_enabled": true,
            "georeplications": [],
            "id": "/subscriptions/27c83813-916e-49fa-8d2a-d35332fc8ca4/resourceGroups/igor_candidate/providers/Microsoft.ContainerRegistry/registries/igoracr2bcloud",
            "identity": [],
            "location": "eastus",
            "login_server": "igoracr2bcloud.azurecr.io",
            "name": "igoracr2bcloud",
            "network_rule_bypass_option": "AzureServices",
            "network_rule_set": [],
            "public_network_access_enabled": true,
            "quarantine_policy_enabled": false,
            "resource_group_name": "igor_candidate",
            "retention_policy_in_days": 0,
            "sku": "Basic",
            "tags": {},
            "timeouts": null,
            "trust_policy_enabled": false,
            "zone_redundancy_enabled": false
          },
          "sensitive_attributes": [],
          "private": "eyJlMmJmYjczMC1lY2FhLTExZTYtOGY4OC0zNDM2M2JjN2M0YzAiOnsiY3JlYXRlIjoxODAwMDAwMDAwMDAwLCJkZWxldGUiOjE4MDAwMDAwMDAwMDAsInJlYWQiOjMwMDAwMDAwMDAwMCwidXBkYXRlIjoxODAwMDAwMDAwMDAwfSwic2NoZW1hX3ZlcnNpb24iOiIyIn0=",
          "dependencies": [
            "azurerm_resource_group.rg"
          ]
        }
      ]
    },
    {
      "mode": "managed",
      "type": "azurerm_key_vault",
      "name": "kv",
      "provider": "provider[\"registry.terraform.io/hashicorp/azurerm\"]",
      "instances": [
        {
          "schema_version": 2,
          "attributes": {
            "access_policy": [
              {
                "application_id": "",
                "certificate_permissions": [],
                "key_permissions": [],
                "object_id": "05bcd90e-972b-4cd1-b80a-15e7a91f429f",
                "secret_permissions": [
                  "Get",
                  "List",
                  "Set",
                  "Delete"
                ],
                "storage_permissions": [],
                "tenant_id": "bd4f0481-b137-40f1-9e64-20cfd55fbf49"
              }
            ],
            "contact": [],
            "enable_rbac_authorization": false,
            "enabled_for_deployment": false,
            "enabled_for_disk_encryption": false,
            "enabled_for_template_deployment": false,
            "id": "/subscriptions/27c83813-916e-49fa-8d2a-d35332fc8ca4/resourceGroups/igor_candidate/providers/Microsoft.KeyVault/vaults/igorkv2bcloud",
            "location": "eastus",
            "name": "igorkv2bcloud",
            "network_acls": [
              {
                "bypass": "AzureServices",
                "default_action": "Allow",
                "ip_rules": [],
                "virtual_network_subnet_ids": []
              }
            ],
            "public_network_access_enabled": true,
            "purge_protection_enabled": false,
            "resource_group_name": "igor_candidate",
            "sku_name": "standard",
            "soft_delete_retention_days": 90,
            "tags": {},
            "tenant_id": "bd4f0481-b137-40f1-9e64-20cfd55fbf49",
            "timeouts": null,
            "vault_uri": "https://igorkv2bcloud.vault.azure.net/"
          },
          "sensitive_attributes": [],
          "private": "eyJlMmJmYjczMC1lY2FhLTExZTYtOGY4OC0zNDM2M2JjN2M0YzAiOnsiY3JlYXRlIjoxODAwMDAwMDAwMDAwLCJkZWxldGUiOjE4MDAwMDAwMDAwMDAsInJlYWQiOjMwMDAwMDAwMDAwMCwidXBkYXRlIjoxODAwMDAwMDAwMDAwfSwic2NoZW1hX3ZlcnNpb24iOiIyIn0=",
          "dependencies": [
            "azurerm_resource_group.rg"
          ]
        }
      ]
    },
    {
      "mode": "managed",
      "type": "azurerm_kubernetes_cluster",
      "name": "aks",
      "provider": "provider[\"registry.terraform.io/hashicorp/azurerm\"]",
      "instances": [
        {
          "schema_version": 2,
          "attributes": {
            "aci_connector_linux": [],
            "api_server_access_profile": [],
            "auto_scaler_profile": [],
            "automatic_upgrade_channel": "",
            "azure_active_directory_role_based_access_control": [],
            "azure_policy_enabled": null,
            "confidential_computing": [],
            "cost_analysis_enabled": false,
            "current_kubernetes_version": "1.29.8",
            "default_node_pool": [
              {
                "auto_scaling_enabled": false,
                "capacity_reservation_group_id": "",
                "fips_enabled": false,
                "gpu_instance": "",
                "host_encryption_enabled": false,
                "host_group_id": "",
                "kubelet_config": [],
                "kubelet_disk_type": "OS",
                "linux_os_config": [],
                "max_count": 0,
                "max_pods": 30,
                "min_count": 0,
                "name": "default",
                "node_count": 1,
                "node_labels": {},
                "node_network_profile": [],
                "node_public_ip_enabled": false,
                "node_public_ip_prefix_id": "",
                "only_critical_addons_enabled": false,
                "orchestrator_version": "1.29",
                "os_disk_size_gb": 128,
                "os_disk_type": "Managed",
                "os_sku": "Ubuntu",
                "pod_subnet_id": "",
                "proximity_placement_group_id": "",
                "scale_down_mode": "Delete",
                "snapshot_id": "",
                "tags": {},
                "temporary_name_for_rotation": "",
                "type": "VirtualMachineScaleSets",
                "ultra_ssd_enabled": false,
                "upgrade_settings": [
                  {
                    "drain_timeout_in_minutes": 0,
                    "max_surge": "10%",
                    "node_soak_duration_in_minutes": 0
                  }
                ],
                "vm_size": "standard_b2pls_v2",
                "vnet_subnet_id": "",
                "workload_runtime": "",
                "zones": []
              }
            ],
            "disk_encryption_set_id": "",
            "dns_prefix": "aks-cluster-v1",
            "dns_prefix_private_cluster": "",
            "edge_zone": "",
            "fqdn": "aks-cluster-v1-ebjzysxb.hcp.eastus.azmk8s.io",
            "http_application_routing_enabled": null,
            "http_application_routing_zone_name": null,
            "http_proxy_config": [],
            "id": "/subscriptions/27c83813-916e-49fa-8d2a-d35332fc8ca4/resourceGroups/igor_candidate/providers/Microsoft.ContainerService/managedClusters/aks-cluster-v1",
            "identity": [
              {
                "identity_ids": [],
                "principal_id": "f062ac81-fb37-489e-9c9b-de082167b75e",
                "tenant_id": "bd4f0481-b137-40f1-9e64-20cfd55fbf49",
                "type": "SystemAssigned"
              }
            ],
            "image_cleaner_enabled": null,
            "image_cleaner_interval_hours": null,
            "ingress_application_gateway": [],
            "key_management_service": [],
            "key_vault_secrets_provider": [],
            "kube_admin_config": [],
            "kube_admin_config_raw": "",
            "kube_config": [
              {
                "client_certificate": "LS0tLS1CRUdJTiBDRVJUSUZJQ0FURS0tLS0tCk1JSUZIakNDQXdhZ0F3SUJBZ0lSQUlQOHhvOFd6NDB3bE5LOHlCUDM1eEF3RFFZSktvWklodmNOQVFFTEJRQXcKRFRFTE1Ba0dBMVVFQXhNQ1kyRXdIaGNOTWpRd09USXpNVE13T0RRNVdoY05Nall3T1RJek1UTXhPRFE1V2pBdwpNUmN3RlFZRFZRUUtFdzV6ZVhOMFpXMDZiV0Z6ZEdWeWN6RVZNQk1HQTFVRUF4TU1iV0Z6ZEdWeVkyeHBaVzUwCk1JSUNJakFOQmdrcWhraUc5dzBCQVFFRkFBT0NBZzhBTUlJQ0NnS0NBZ0VBMEY1ZkwrbFd3YngrdEEvSnlqNjUKcXZUMVJLRzVrUmxhclFPK0JaaGVyZE43bk5uSDlvUmpjVE9jcHFXTFRiZ0Q2Znp0UVJLeVgxeFhxUG82VTJGMgoxY2E2cDdyM3MvWFVtVUl1aXNqdHFJUWZ6R0lQNytncUFlS2NjN09OSDMra0xkMFdYcVhqdGZXZTFnWUxXb2ZVClU2NXRidjRGQ1dVallZcnlSK1h5c2dyZEFNS1RxZ2Vubkh1aWZyaFZkSGpqWVZSOG9OS1lleHhRSEVWUlF1Ky8KU0VNa2hRVGcxUit5ZlYxYVhHQnV2MmZ6MEZsSVpYTkpmYWswMld1TVYzYzIwUW5yQWd6N3R3SzRjc1k1UzdTaApWRW4wdkUwSDJ1bFNmUGRFUW1na3dOd01ZZi94aXA4RlMzQnpMbUxrYnZKMWQvVHEzSStnRUNuVGw4L09tb3dqClJPd04vY0RCdGc0Ti9LQVZKWjEyMEttOU04RVNyUk82Rk1uRnRWV29zMlRTVXI3UzdXZ01PNEFlTlZpdHBpVnMKT1BtV09JdEtYUzVhMVcvald6b1pMa1FTbmpUQWZzd3dlb1ZsQ1MrSUVWUWp1cC8xR1h4cklubFB1NXpwTHhPOQpoQnMrTXpvR1dKMStoeXpwWjQwSFNGYWhFd1Q3d2t0dkFpUTNTYkpDRU4xRlNPdW1ucmZFMytoZnVOanptc0xlCm0wMlN3ekthRTJFSVNwTEFReFhzZWdpcGhSRGRlK2ttZXBKYlpmaWhlOEZDV3pkaDlNK2s4c2gzYzRiMURpOXQKZFREbEJGYmQrZER3ZGZYM3N6WFJlNENPakVEQVd3ZGJ1akdnWk50dGZQKzRsOVdDOHhiVHJlUFowMjFMelB4dQowcWFEZU84eEUvNzZraUt5c2NzMHZQa0NBd0VBQWFOV01GUXdEZ1lEVlIwUEFRSC9CQVFEQWdXZ01CTUdBMVVkCkpRUU1NQW9HQ0NzR0FRVUZCd01DTUF3R0ExVWRFd0VCL3dRQ01BQXdId1lEVlIwakJCZ3dGb0FVRUxJY0tlNS8KMlNBUVF4bXBFejVjZkJEbUdZOHdEUVlKS29aSWh2Y05BUUVMQlFBRGdnSUJBR0pRRDhUcmk5Y096eTYya1VEQwpsQkYxSkQzQ1RKTXEzUlJYbldVZGpXZG1hajVNbUhrd3RIODF1OEtxRDl5Vm5JNWd3QUQ2SEZtRmVicDQweFlsClFpTWkxQjdRZ2FZR2NPdTV0K29zaXNHZFZhY3hvdEdQUG1OL2FZMHI0U3hNYWwrTUZtdWhETDI0dWZaNUZncEQKYzd4ZDRzT01WdFR6czNzVXdMeGVTZGh1M1VpMCtoR3Rva050NzVWVXFqdTRhYkVRZkRLZDNoaDRudDF4QnQ0awpOcVZCNzU5ajNjeG9pSHJ1VGJidjNDR0RDZU80K1lwdk1rNHVJQTI3Uy9tc1dFRGxnRFBOMEdqYllCUGxUK1JTClhSWFVvWWtrUHQ2MElGMlVWTy9uV0VDb2ZuSC9MaEd1NGNUdXhOTlM3YUdDZU1tV0Vpbm5ja3V2dy8vd0VNSm8KMEV1OTlidVVsTzJ3TXdHVlQyZzJocGRoS1U5TDNqdWJtQTFLblMreEVTSzhGeTkzZ2pyZU83ZTdwVjQrbEJyagpDSjBsTGFBYmEwS0FRQnhSRjNCcm82SFB4Tm45ZFowTW1pcEpNMk9iTUxpSUZDZkVYcnA4WkRubGNvNnFnbnFmCmVQTUdIN25XYXFFOEUwQnFITWVtOTFGQ1VhN2NpdXVaZkF4RDdOOTQ5NlNsUjVXQ0c4SVJOOTNIOGtrdy9ubkIKWWtCaXdjdXdFWDZXVXBkTzAzWTNOVW42QWh0VXF5N053Tzd1Z2tucVZsVGNCak5MeHV2eDA5elVTenlJTXBYQQozb1U4a0JDNmd4NGQwT0N2QW56RStZMkIrK242TFJUMFBUdEZuOHRXcVh5ZElnM2pMMEZ5VnNXd3ZBL1dYV0xRCnh6Z0hoUzYvU3BMNU5mUTBNdWVKYisweAotLS0tLUVORCBDRVJUSUZJQ0FURS0tLS0tCg==",
                "client_key": "LS0tLS1CRUdJTiBSU0EgUFJJVkFURSBLRVktLS0tLQpNSUlKS0FJQkFBS0NBZ0VBMEY1ZkwrbFd3YngrdEEvSnlqNjVxdlQxUktHNWtSbGFyUU8rQlpoZXJkTjduTm5ICjlvUmpjVE9jcHFXTFRiZ0Q2Znp0UVJLeVgxeFhxUG82VTJGMjFjYTZwN3Izcy9YVW1VSXVpc2p0cUlRZnpHSVAKNytncUFlS2NjN09OSDMra0xkMFdYcVhqdGZXZTFnWUxXb2ZVVTY1dGJ2NEZDV1VqWVlyeVIrWHlzZ3JkQU1LVApxZ2Vubkh1aWZyaFZkSGpqWVZSOG9OS1lleHhRSEVWUlF1Ky9TRU1raFFUZzFSK3lmVjFhWEdCdXYyZnowRmxJClpYTkpmYWswMld1TVYzYzIwUW5yQWd6N3R3SzRjc1k1UzdTaFZFbjB2RTBIMnVsU2ZQZEVRbWdrd053TVlmL3gKaXA4RlMzQnpMbUxrYnZKMWQvVHEzSStnRUNuVGw4L09tb3dqUk93Ti9jREJ0ZzROL0tBVkpaMTIwS205TThFUwpyUk82Rk1uRnRWV29zMlRTVXI3UzdXZ01PNEFlTlZpdHBpVnNPUG1XT0l0S1hTNWExVy9qV3pvWkxrUVNualRBCmZzd3dlb1ZsQ1MrSUVWUWp1cC8xR1h4cklubFB1NXpwTHhPOWhCcytNem9HV0oxK2h5enBaNDBIU0ZhaEV3VDcKd2t0dkFpUTNTYkpDRU4xRlNPdW1ucmZFMytoZnVOanptc0xlbTAyU3d6S2FFMkVJU3BMQVF4WHNlZ2lwaFJEZAplK2ttZXBKYlpmaWhlOEZDV3pkaDlNK2s4c2gzYzRiMURpOXRkVERsQkZiZCtkRHdkZlgzc3pYUmU0Q09qRURBCld3ZGJ1akdnWk50dGZQKzRsOVdDOHhiVHJlUFowMjFMelB4dTBxYURlTzh4RS83NmtpS3lzY3MwdlBrQ0F3RUEKQVFLQ0FnQXlUNWNNS25zWUxEc3JudVJLUVByem5GSGNVSEJONktGTVJTc01qczNOaXRLOS9KZWJuanVraWFHNQpXeDlYbEtiZFNJVEF3Wkx3RTR2VzhSUkVMYlJUeWJnbjU2MEhkc1B1ZlZ4ZmhrUmIvQXJ4Zm52Nm9VUURVSVFXCks3UlhkcXBkcUpST0poL2xQM2txbENzSm9PSlRram82SW50MDJVYkJ0cHJwWVV4SVVQY3J4ODkvcm5sNS95QXQKR0xVSmVtYnNpVW5PU3dzbUxwL3BNNU43WmdmNW1yeW1vWmJuM3M5cUZiQkx2YnovMmttMGROcFdKSkFLRjJENwpYa3gwa2dSYVZOcTVsQWp6RjJVUjBXcmtMS2tIZ1JQbW8zTFNHS1FpS0ZJQzlzSnBEcml1c08zUldyUWNrdm84CnFRUWZCY3YzT3R1NmhiTlFNOGt6VHFuRUJ6SThjbU9qQmZGRG9IQ2prVWNlMURhdFAwQldWUGQzbGxGVWZaYWkKcjBjNU5hTWFnNEZLS2pnQU9BaVZReE1FUTFwVFV0RDVqTXhreTVORE1RZXF4OVB1L1ZNS0FNZ3RTT1I0V1VQRgpsT3lHcGdocnQ0ZzM5VDFyVExMcG5saTZFaFR4bXJpMnEreXpLQm5LQVFHRWtkaElqQ2N3R3FDeWozdTZSemF3ClFnSUF3ZzRDalhUWTc2cHhSSDY5Ym5VckZnZk93NGxBbFJJZ1B6b1daelgvd25OcmhJU1NYdG9rZUhhRmxvbU8KOUowNjF3RWJybzVyQnJIN3pCZDdKRU4vQUZTOHZwRFJCeFhRWE5WYUF5Rk4xL3JNYTNMNU80bmJHMXBURTdhNAoxYlBnRW5xcE5sUmZyK2UvOU5jYlpMNCtjcjZKeXRKdW8rQWlETXNmMEgrdWpyQVZRUUtDQVFFQThGaGZPazZxCnRTUEJiV0tOLzlsY21ZbUliRnp6c0pKcURFd2RaTExLMGlNMjhMeXZtM1hPZmUvS3Blc1VSbDFJclY4VWJQNmsKbzhOSnFPYmlyZkZIUzBNWVJDY1ovTDU0cGZPKzJ3aktBU3VEYTExYlZCU1E0UnlmeEhVRmpnVHM0c29CZUxmaQphYUFhQm92Vm4rb0svUm5rN3BHZ1VhZ24zUHJ6dW41Tyt1bVcwM0gyczRHRmZic2JxYnJTTHVUUFFIWnFWM3dCCnBsRnZMM0piTVJ3elhDUUFCK0hHY2gwbVhwcFczbXdxUjgrakxUUnJHWER0QlJIcWlFU3dlSjh4MlhOdU9wdmYKT2dJeFFKcVBaejdYalJLdE1XZHkvK0ViVnNFaXJaWHl1cWhoeFFwUXRyd0dFN0JqUkljLzU5bkxWRlViU3Z5aQpheXV2U09FL1UwMDQ2d0tDQVFFQTNmRE94bEM0djFsNGc0cys2Qkx5U08yd3JrNS85WVN0V0pwMmRFdHpHMnBBCnRwbUR3cmRqc0lDRDRIRXNUTlVia2tzaGtONTJKY1VmZ25tUDJoYjNoSTRzMWFUUWVUaUY2KzRTeThxc3dEZmQKSUprTG1CSzk4OXhLNzNRR3FYVTdFNGZZSG0vZUxudURQSENpY0NSUnVoVVd3dzJDeUJzVU5tVWM0WGVjaTJmSgpkdEwzcXlvNjJybEtaZzR0bXkwNjZjY2VwSFQwdDNEZ2l6bWFYSnZEVDFYSHd5YWZyZjQ2NGZqaGt5YlU1bjBICmd1VnNZUmRBQ1BrNFRhak9nblZFVXRMclp2UlVSUXJqd3lpVC94aW05TW0xYU52R2pidWQyZS9oYlpKVm52ZnoKQWNHSUtaMDVGT2FtMTluNzJkOWZzZ1FGUmI3VXcvL2M5OXBEWW5Fb3F3S0NBUUJtb1VYZ3J4RGtFcVdaSVBtRAo0L3hQcjlQcWVmS3hWb1FrUmloVEJLbm8rNUtOVC9Vb3pEQmx4SXhqTnpQTUxDOUpvUTBtMGNIYUVCMFhHNmgyCklFNlNTODlENHZLTTQ0Uy9VSXNTR3ZtdmNEWkpGVzlYUXdUdXEzdHB0NUtzcDF2RUtBQmkzUnE0Z2Q0N0oyRU0KVFROdUNxMmdWZDBBb1c2TVJUam9UT0ZLOFk0dk1qM25Qd3FTdXVCQUpQOTFlTTByT0tXR1AvU3dZWnU1eGZvOAp5VThCTEhvNjQyVUsrM21UOGhIZ0hvNGJaZ1hHMnRoVTM4ekdXblVzeFRBYUFkaVdnMXp4ZC9mbFhHUk5zdkpECll5bEdHMUNMaFNJdE02R3A5UVRxM05udWJOSjdBa0dmRmtEK0RWY0dQejdCc1ZYSzZDQ2tiNmFuWHRzVm91R1kKbjZRTEFvSUJBRDFIVXVCQXczSFowME9HdTl5NTlubWFYekVSYlpVdGgrc3g0c2pqV0NuV29YMkpUMjhBMFo2WApMVkpZRFNJOXFQb3drbGo4ZzJTVVU4bmpwSXRUMGcyZ2I5S2hTZ3BlUitQSGZSc1ZuN01HK2FBWmdiRUFZOEFrCkwvQ0RlWjlxUmVCem5vRnc0OGl6dzUxNWYvQTBwdmdaQUlya2ZScWhGMmlaYkdyNGFwbTNFMUlpbDgyRHdISkoKdkxnRzdDS3ZUMWZpNlp3QXl0eW5adWdxQkd2VGVnNjZvWWhKYnNkTXJaZGM3M09Bd2tITmZiaHZmZ2drc2tLSQpCVHEwQkNqVEZnVkVSVWpNNTBPVTZTUW1YUTZQRVBIL2kzNGpTR1F6ekRhelcrdXovcjRBdWZEZkxhaEh4ODMwCmpWYUYwbHJxcVBKdTE4SFZHY3Z3Sm1Pc3VQUkNTRGNDZ2dFQkFPNVNBK01KZU1tWlFIMEkvTzdObFN3TlVTS04KV3VkQWJpc081RExZbFAvT1pZU2lLZnV2cnVkYkRoOUZmeENxVjVmU2J6eFh0dDJ6RFJnZllKd0xaS2p1emR6MwpXd0l6RGNiMEtWV3R1NnBWb0hRMVNiMHlIMUJzbDZWSjN6blB6S1NjU2VEOU5hbDBHd2hJRllpWGwvN0JGMGE1CjFEdXZRMUtNZ0JaeWpSZkJ0dVhXbFFkSUR4UStrcURQOFVtSG1jM25rNm9Zd3ZXUExsb2pVZ3gwVk0xZUN2YXEKL29tN084SXJxMjhIR3hRNXZBckV5cDZheUM3NmpWMWd5V2dqZUtwU1ZkdW5mQTBHSndPVG85b0pHaTNsaWVtdworRWNPNk1KS3M5V0xFS3Nnd3lnT2NuNHVoYXg1WTFldDB4NXdOZHpROEtkbU5tSkUzbXJRUnJyY2UyRT0KLS0tLS1FTkQgUlNBIFBSSVZBVEUgS0VZLS0tLS0K",
                "cluster_ca_certificate": "LS0tLS1CRUdJTiBDRVJUSUZJQ0FURS0tLS0tCk1JSUU2RENDQXRDZ0F3SUJBZ0lRR1RjZTh0ZHI1dE56SzE3ZmZ6UE5DekFOQmdrcWhraUc5dzBCQVFzRkFEQU4KTVFzd0NRWURWUVFERXdKallUQWdGdzB5TkRBNU1qTXhNekE0TkRsYUdBOHlNRFUwTURreU16RXpNVGcwT1ZvdwpEVEVMTUFrR0ExVUVBeE1DWTJFd2dnSWlNQTBHQ1NxR1NJYjNEUUVCQVFVQUE0SUNEd0F3Z2dJS0FvSUNBUURTCmc3R20zS21sV0hQaWkrNUZSZGFNcXlLUnhIcGFyVk43L0k4K3ZMaW5Rb0tGci9udUdiR1NvWjV2a2MxMjBNRWoKK0JzVFM3Ynkwb00vVFZEWG9tS2hKZDJsWDdlQUhraERMY2JQMldLV0ZWRFNmWHQxd252RjF2anRIa2l0aGpWbwphY2M4aG9YNnUrSnQ0UzNXZVVBcEdsVEZFeUlCdmNVTDQwbTd0YWZWYTl2THRVZlh6b1NOei9VUGdhWmZyQlRrCmwzMzZIUDMwa3ZSZTBzenUxMHlFNTRyTUJKVXQ1YzYvTzM3SUE5SDM3SURJSXdVbTlWWnZmVXA0MTJxMWk0a3YKTmJKZEZkTWxnN2dnd25rYlAzL3kyT0VubEo3Tmx5b29kU2RSaHRFekx3UHJRK29IckxtY3pRd2JOcXBCb1cxMQp3QTJJUEdOTitNMjlxUTduaWlTaDVLbEdXOGRJVGVITUpWcm5ueWtvSmV2MzN6Q1VJRWdtdXFWcVBYK2UvODY3CmRZSGtRcUtBQWFiRExRbkRtdC84Z2tlTmxXdVQzb0hEdWZicUlLbWJvcEs1eUZaSnQ3VnFjSjI5RVJSelVHSzEKcnZ6aUpFT1pWVXhkU2g1c01zcndZMmdwdGhSSXFVQ001RS9KenZYRkNESEgvOVI5b2d2SlBrVW5iRVZpcHBXWAowbjJFYTh3Uzl5Mk5jQng4QkFvNlU1blJiUFN5bkI3RE9ybzN6bm1GdDdhYkJLcmQydWNMTU1kN3NoNkE0ZGltClRzeEdHKy9VWWowb1gvTXIvaHExOEVjdytDU3RZYi9vT2FlenJ3STVKVDVrSjdxaTJpZjRpc2ZmL01DakZxeDUKNXdkNUNTWnlJR0h2SkdDcWRJK2EvVjRsMjVxMGVsRGJmQmdaRytPZ1lRSURBUUFCbzBJd1FEQU9CZ05WSFE4QgpBZjhFQkFNQ0FxUXdEd1lEVlIwVEFRSC9CQVV3QXdFQi96QWRCZ05WSFE0RUZnUVVFTEljS2U1LzJTQVFReG1wCkV6NWNmQkRtR1k4d0RRWUpLb1pJaHZjTkFRRUxCUUFEZ2dJQkFFREQ4RG5DY2RFalVTbUZ4eDllMEppYUFydzQKOVZNc0NMSE01RUtDQnVXOGp0RHFyeW5MZ2lrQWZ2YjA4WklETWtZY2o1RzhzMUZFQkZxcXN0UmJDSXE0dUhidAo0cEh1YmRhalY4eUJ6SkM1MkV1UzE3QW9ra0Q4Z2VKMmVZRGdsSnNtdnpNcnRZTjhTWVNhSXd1VnNYK01ocU1UCjNrZ1UvVTQ4dk1HWjh5ekY3NEZaWHVvQmxSOEpKekw4VE0rWEUrSVFWTy9SaVpPeWdWYjMyYi8wUitDNFFtVU0KSldxK0FrKzluaFd6WGRUeWorMDhoU29OVlhkdHlXM1FJbG45N2Z1RXhUdEFyUW9rQVBHUDlnRUZBMU1lWXdEMgozSVc1c2V6QnNRcG5aMVlkMTVKQXBScTdvWGVZOGI2MXg5UVBPYmNCQU1JU0VnMWQreE9QZENMaHI1YUhRYjk4CnJ6UzRSb1JvbnpjSmVjekFtc1R2RGdLaUFZOEc1dnB6MEE1bHNkVXRRN2IwMkRtYWJ6YXFCTG83Qm95bnhaS0EKd29LSzJNK0xJak5HNE05ZWFzbG43Y3MxNlVuNFZzay9DNTdhenU0dThBdUcwbXk0UVJ6WnZpbDlraUx1bzRHVQppbUlPTEV2SUp3UWg2UW50RHBPZU9XOHJCOUs0NE1XK3Mrb2JqUGFWL2QyUzNSNGxPYXZqWC9RcVJSLzMyWFlGCmdxQ3ZodWpMVitORDUrMi82OU9LNldSR25aazVoT3BDcHFNY0hXcGdTUFlRa3NwVnV6K0FGMllXdkxJTDhmREMKYUhNZ3FTeWpGdExPVnJRTGNXK2c5UHp3bkRZc0NQaUVkUUpMM2hqL3NrUnFOM0xVMW9QZktJRGRWMy9JdUJzMgpzWkJ5d05naWxiWlU5WXJvCi0tLS0tRU5EIENFUlRJRklDQVRFLS0tLS0K",
                "host": "https://aks-cluster-v1-ebjzysxb.hcp.eastus.azmk8s.io:443",
                "password": "og70k0ccgyfsxrm7jgqyrn8l6d039zy9pew5qyqc6k8ljql766mh2ss8mw7rr6e13vppmo2v3txmpabb3wyw5r6x7mnj9l83ruzjkwh15du01fn3znqw4fudyi5rmaiu",
                "username": "clusterUser_igor_candidate_aks-cluster-v1"
              }
            ],
            "kube_config_raw": "apiVersion: v1\nclusters:\n- cluster:\n    certificate-authority-data: LS0tLS1CRUdJTiBDRVJUSUZJQ0FURS0tLS0tCk1JSUU2RENDQXRDZ0F3SUJBZ0lRR1RjZTh0ZHI1dE56SzE3ZmZ6UE5DekFOQmdrcWhraUc5dzBCQVFzRkFEQU4KTVFzd0NRWURWUVFERXdKallUQWdGdzB5TkRBNU1qTXhNekE0TkRsYUdBOHlNRFUwTURreU16RXpNVGcwT1ZvdwpEVEVMTUFrR0ExVUVBeE1DWTJFd2dnSWlNQTBHQ1NxR1NJYjNEUUVCQVFVQUE0SUNEd0F3Z2dJS0FvSUNBUURTCmc3R20zS21sV0hQaWkrNUZSZGFNcXlLUnhIcGFyVk43L0k4K3ZMaW5Rb0tGci9udUdiR1NvWjV2a2MxMjBNRWoKK0JzVFM3Ynkwb00vVFZEWG9tS2hKZDJsWDdlQUhraERMY2JQMldLV0ZWRFNmWHQxd252RjF2anRIa2l0aGpWbwphY2M4aG9YNnUrSnQ0UzNXZVVBcEdsVEZFeUlCdmNVTDQwbTd0YWZWYTl2THRVZlh6b1NOei9VUGdhWmZyQlRrCmwzMzZIUDMwa3ZSZTBzenUxMHlFNTRyTUJKVXQ1YzYvTzM3SUE5SDM3SURJSXdVbTlWWnZmVXA0MTJxMWk0a3YKTmJKZEZkTWxnN2dnd25rYlAzL3kyT0VubEo3Tmx5b29kU2RSaHRFekx3UHJRK29IckxtY3pRd2JOcXBCb1cxMQp3QTJJUEdOTitNMjlxUTduaWlTaDVLbEdXOGRJVGVITUpWcm5ueWtvSmV2MzN6Q1VJRWdtdXFWcVBYK2UvODY3CmRZSGtRcUtBQWFiRExRbkRtdC84Z2tlTmxXdVQzb0hEdWZicUlLbWJvcEs1eUZaSnQ3VnFjSjI5RVJSelVHSzEKcnZ6aUpFT1pWVXhkU2g1c01zcndZMmdwdGhSSXFVQ001RS9KenZYRkNESEgvOVI5b2d2SlBrVW5iRVZpcHBXWAowbjJFYTh3Uzl5Mk5jQng4QkFvNlU1blJiUFN5bkI3RE9ybzN6bm1GdDdhYkJLcmQydWNMTU1kN3NoNkE0ZGltClRzeEdHKy9VWWowb1gvTXIvaHExOEVjdytDU3RZYi9vT2FlenJ3STVKVDVrSjdxaTJpZjRpc2ZmL01DakZxeDUKNXdkNUNTWnlJR0h2SkdDcWRJK2EvVjRsMjVxMGVsRGJmQmdaRytPZ1lRSURBUUFCbzBJd1FEQU9CZ05WSFE4QgpBZjhFQkFNQ0FxUXdEd1lEVlIwVEFRSC9CQVV3QXdFQi96QWRCZ05WSFE0RUZnUVVFTEljS2U1LzJTQVFReG1wCkV6NWNmQkRtR1k4d0RRWUpLb1pJaHZjTkFRRUxCUUFEZ2dJQkFFREQ4RG5DY2RFalVTbUZ4eDllMEppYUFydzQKOVZNc0NMSE01RUtDQnVXOGp0RHFyeW5MZ2lrQWZ2YjA4WklETWtZY2o1RzhzMUZFQkZxcXN0UmJDSXE0dUhidAo0cEh1YmRhalY4eUJ6SkM1MkV1UzE3QW9ra0Q4Z2VKMmVZRGdsSnNtdnpNcnRZTjhTWVNhSXd1VnNYK01ocU1UCjNrZ1UvVTQ4dk1HWjh5ekY3NEZaWHVvQmxSOEpKekw4VE0rWEUrSVFWTy9SaVpPeWdWYjMyYi8wUitDNFFtVU0KSldxK0FrKzluaFd6WGRUeWorMDhoU29OVlhkdHlXM1FJbG45N2Z1RXhUdEFyUW9rQVBHUDlnRUZBMU1lWXdEMgozSVc1c2V6QnNRcG5aMVlkMTVKQXBScTdvWGVZOGI2MXg5UVBPYmNCQU1JU0VnMWQreE9QZENMaHI1YUhRYjk4CnJ6UzRSb1JvbnpjSmVjekFtc1R2RGdLaUFZOEc1dnB6MEE1bHNkVXRRN2IwMkRtYWJ6YXFCTG83Qm95bnhaS0EKd29LSzJNK0xJak5HNE05ZWFzbG43Y3MxNlVuNFZzay9DNTdhenU0dThBdUcwbXk0UVJ6WnZpbDlraUx1bzRHVQppbUlPTEV2SUp3UWg2UW50RHBPZU9XOHJCOUs0NE1XK3Mrb2JqUGFWL2QyUzNSNGxPYXZqWC9RcVJSLzMyWFlGCmdxQ3ZodWpMVitORDUrMi82OU9LNldSR25aazVoT3BDcHFNY0hXcGdTUFlRa3NwVnV6K0FGMllXdkxJTDhmREMKYUhNZ3FTeWpGdExPVnJRTGNXK2c5UHp3bkRZc0NQaUVkUUpMM2hqL3NrUnFOM0xVMW9QZktJRGRWMy9JdUJzMgpzWkJ5d05naWxiWlU5WXJvCi0tLS0tRU5EIENFUlRJRklDQVRFLS0tLS0K\n    server: https://aks-cluster-v1-ebjzysxb.hcp.eastus.azmk8s.io:443\n  name: aks-cluster-v1\ncontexts:\n- context:\n    cluster: aks-cluster-v1\n    user: clusterUser_igor_candidate_aks-cluster-v1\n  name: aks-cluster-v1\ncurrent-context: aks-cluster-v1\nkind: Config\npreferences: {}\nusers:\n- name: clusterUser_igor_candidate_aks-cluster-v1\n  user:\n    client-certificate-data: LS0tLS1CRUdJTiBDRVJUSUZJQ0FURS0tLS0tCk1JSUZIakNDQXdhZ0F3SUJBZ0lSQUlQOHhvOFd6NDB3bE5LOHlCUDM1eEF3RFFZSktvWklodmNOQVFFTEJRQXcKRFRFTE1Ba0dBMVVFQXhNQ1kyRXdIaGNOTWpRd09USXpNVE13T0RRNVdoY05Nall3T1RJek1UTXhPRFE1V2pBdwpNUmN3RlFZRFZRUUtFdzV6ZVhOMFpXMDZiV0Z6ZEdWeWN6RVZNQk1HQTFVRUF4TU1iV0Z6ZEdWeVkyeHBaVzUwCk1JSUNJakFOQmdrcWhraUc5dzBCQVFFRkFBT0NBZzhBTUlJQ0NnS0NBZ0VBMEY1ZkwrbFd3YngrdEEvSnlqNjUKcXZUMVJLRzVrUmxhclFPK0JaaGVyZE43bk5uSDlvUmpjVE9jcHFXTFRiZ0Q2Znp0UVJLeVgxeFhxUG82VTJGMgoxY2E2cDdyM3MvWFVtVUl1aXNqdHFJUWZ6R0lQNytncUFlS2NjN09OSDMra0xkMFdYcVhqdGZXZTFnWUxXb2ZVClU2NXRidjRGQ1dVallZcnlSK1h5c2dyZEFNS1RxZ2Vubkh1aWZyaFZkSGpqWVZSOG9OS1lleHhRSEVWUlF1Ky8KU0VNa2hRVGcxUit5ZlYxYVhHQnV2MmZ6MEZsSVpYTkpmYWswMld1TVYzYzIwUW5yQWd6N3R3SzRjc1k1UzdTaApWRW4wdkUwSDJ1bFNmUGRFUW1na3dOd01ZZi94aXA4RlMzQnpMbUxrYnZKMWQvVHEzSStnRUNuVGw4L09tb3dqClJPd04vY0RCdGc0Ti9LQVZKWjEyMEttOU04RVNyUk82Rk1uRnRWV29zMlRTVXI3UzdXZ01PNEFlTlZpdHBpVnMKT1BtV09JdEtYUzVhMVcvald6b1pMa1FTbmpUQWZzd3dlb1ZsQ1MrSUVWUWp1cC8xR1h4cklubFB1NXpwTHhPOQpoQnMrTXpvR1dKMStoeXpwWjQwSFNGYWhFd1Q3d2t0dkFpUTNTYkpDRU4xRlNPdW1ucmZFMytoZnVOanptc0xlCm0wMlN3ekthRTJFSVNwTEFReFhzZWdpcGhSRGRlK2ttZXBKYlpmaWhlOEZDV3pkaDlNK2s4c2gzYzRiMURpOXQKZFREbEJGYmQrZER3ZGZYM3N6WFJlNENPakVEQVd3ZGJ1akdnWk50dGZQKzRsOVdDOHhiVHJlUFowMjFMelB4dQowcWFEZU84eEUvNzZraUt5c2NzMHZQa0NBd0VBQWFOV01GUXdEZ1lEVlIwUEFRSC9CQVFEQWdXZ01CTUdBMVVkCkpRUU1NQW9HQ0NzR0FRVUZCd01DTUF3R0ExVWRFd0VCL3dRQ01BQXdId1lEVlIwakJCZ3dGb0FVRUxJY0tlNS8KMlNBUVF4bXBFejVjZkJEbUdZOHdEUVlKS29aSWh2Y05BUUVMQlFBRGdnSUJBR0pRRDhUcmk5Y096eTYya1VEQwpsQkYxSkQzQ1RKTXEzUlJYbldVZGpXZG1hajVNbUhrd3RIODF1OEtxRDl5Vm5JNWd3QUQ2SEZtRmVicDQweFlsClFpTWkxQjdRZ2FZR2NPdTV0K29zaXNHZFZhY3hvdEdQUG1OL2FZMHI0U3hNYWwrTUZtdWhETDI0dWZaNUZncEQKYzd4ZDRzT01WdFR6czNzVXdMeGVTZGh1M1VpMCtoR3Rva050NzVWVXFqdTRhYkVRZkRLZDNoaDRudDF4QnQ0awpOcVZCNzU5ajNjeG9pSHJ1VGJidjNDR0RDZU80K1lwdk1rNHVJQTI3Uy9tc1dFRGxnRFBOMEdqYllCUGxUK1JTClhSWFVvWWtrUHQ2MElGMlVWTy9uV0VDb2ZuSC9MaEd1NGNUdXhOTlM3YUdDZU1tV0Vpbm5ja3V2dy8vd0VNSm8KMEV1OTlidVVsTzJ3TXdHVlQyZzJocGRoS1U5TDNqdWJtQTFLblMreEVTSzhGeTkzZ2pyZU83ZTdwVjQrbEJyagpDSjBsTGFBYmEwS0FRQnhSRjNCcm82SFB4Tm45ZFowTW1pcEpNMk9iTUxpSUZDZkVYcnA4WkRubGNvNnFnbnFmCmVQTUdIN25XYXFFOEUwQnFITWVtOTFGQ1VhN2NpdXVaZkF4RDdOOTQ5NlNsUjVXQ0c4SVJOOTNIOGtrdy9ubkIKWWtCaXdjdXdFWDZXVXBkTzAzWTNOVW42QWh0VXF5N053Tzd1Z2tucVZsVGNCak5MeHV2eDA5elVTenlJTXBYQQozb1U4a0JDNmd4NGQwT0N2QW56RStZMkIrK242TFJUMFBUdEZuOHRXcVh5ZElnM2pMMEZ5VnNXd3ZBL1dYV0xRCnh6Z0hoUzYvU3BMNU5mUTBNdWVKYisweAotLS0tLUVORCBDRVJUSUZJQ0FURS0tLS0tCg==\n    client-key-data: LS0tLS1CRUdJTiBSU0EgUFJJVkFURSBLRVktLS0tLQpNSUlKS0FJQkFBS0NBZ0VBMEY1ZkwrbFd3YngrdEEvSnlqNjVxdlQxUktHNWtSbGFyUU8rQlpoZXJkTjduTm5ICjlvUmpjVE9jcHFXTFRiZ0Q2Znp0UVJLeVgxeFhxUG82VTJGMjFjYTZwN3Izcy9YVW1VSXVpc2p0cUlRZnpHSVAKNytncUFlS2NjN09OSDMra0xkMFdYcVhqdGZXZTFnWUxXb2ZVVTY1dGJ2NEZDV1VqWVlyeVIrWHlzZ3JkQU1LVApxZ2Vubkh1aWZyaFZkSGpqWVZSOG9OS1lleHhRSEVWUlF1Ky9TRU1raFFUZzFSK3lmVjFhWEdCdXYyZnowRmxJClpYTkpmYWswMld1TVYzYzIwUW5yQWd6N3R3SzRjc1k1UzdTaFZFbjB2RTBIMnVsU2ZQZEVRbWdrd053TVlmL3gKaXA4RlMzQnpMbUxrYnZKMWQvVHEzSStnRUNuVGw4L09tb3dqUk93Ti9jREJ0ZzROL0tBVkpaMTIwS205TThFUwpyUk82Rk1uRnRWV29zMlRTVXI3UzdXZ01PNEFlTlZpdHBpVnNPUG1XT0l0S1hTNWExVy9qV3pvWkxrUVNualRBCmZzd3dlb1ZsQ1MrSUVWUWp1cC8xR1h4cklubFB1NXpwTHhPOWhCcytNem9HV0oxK2h5enBaNDBIU0ZhaEV3VDcKd2t0dkFpUTNTYkpDRU4xRlNPdW1ucmZFMytoZnVOanptc0xlbTAyU3d6S2FFMkVJU3BMQVF4WHNlZ2lwaFJEZAplK2ttZXBKYlpmaWhlOEZDV3pkaDlNK2s4c2gzYzRiMURpOXRkVERsQkZiZCtkRHdkZlgzc3pYUmU0Q09qRURBCld3ZGJ1akdnWk50dGZQKzRsOVdDOHhiVHJlUFowMjFMelB4dTBxYURlTzh4RS83NmtpS3lzY3MwdlBrQ0F3RUEKQVFLQ0FnQXlUNWNNS25zWUxEc3JudVJLUVByem5GSGNVSEJONktGTVJTc01qczNOaXRLOS9KZWJuanVraWFHNQpXeDlYbEtiZFNJVEF3Wkx3RTR2VzhSUkVMYlJUeWJnbjU2MEhkc1B1ZlZ4ZmhrUmIvQXJ4Zm52Nm9VUURVSVFXCks3UlhkcXBkcUpST0poL2xQM2txbENzSm9PSlRram82SW50MDJVYkJ0cHJwWVV4SVVQY3J4ODkvcm5sNS95QXQKR0xVSmVtYnNpVW5PU3dzbUxwL3BNNU43WmdmNW1yeW1vWmJuM3M5cUZiQkx2YnovMmttMGROcFdKSkFLRjJENwpYa3gwa2dSYVZOcTVsQWp6RjJVUjBXcmtMS2tIZ1JQbW8zTFNHS1FpS0ZJQzlzSnBEcml1c08zUldyUWNrdm84CnFRUWZCY3YzT3R1NmhiTlFNOGt6VHFuRUJ6SThjbU9qQmZGRG9IQ2prVWNlMURhdFAwQldWUGQzbGxGVWZaYWkKcjBjNU5hTWFnNEZLS2pnQU9BaVZReE1FUTFwVFV0RDVqTXhreTVORE1RZXF4OVB1L1ZNS0FNZ3RTT1I0V1VQRgpsT3lHcGdocnQ0ZzM5VDFyVExMcG5saTZFaFR4bXJpMnEreXpLQm5LQVFHRWtkaElqQ2N3R3FDeWozdTZSemF3ClFnSUF3ZzRDalhUWTc2cHhSSDY5Ym5VckZnZk93NGxBbFJJZ1B6b1daelgvd25OcmhJU1NYdG9rZUhhRmxvbU8KOUowNjF3RWJybzVyQnJIN3pCZDdKRU4vQUZTOHZwRFJCeFhRWE5WYUF5Rk4xL3JNYTNMNU80bmJHMXBURTdhNAoxYlBnRW5xcE5sUmZyK2UvOU5jYlpMNCtjcjZKeXRKdW8rQWlETXNmMEgrdWpyQVZRUUtDQVFFQThGaGZPazZxCnRTUEJiV0tOLzlsY21ZbUliRnp6c0pKcURFd2RaTExLMGlNMjhMeXZtM1hPZmUvS3Blc1VSbDFJclY4VWJQNmsKbzhOSnFPYmlyZkZIUzBNWVJDY1ovTDU0cGZPKzJ3aktBU3VEYTExYlZCU1E0UnlmeEhVRmpnVHM0c29CZUxmaQphYUFhQm92Vm4rb0svUm5rN3BHZ1VhZ24zUHJ6dW41Tyt1bVcwM0gyczRHRmZic2JxYnJTTHVUUFFIWnFWM3dCCnBsRnZMM0piTVJ3elhDUUFCK0hHY2gwbVhwcFczbXdxUjgrakxUUnJHWER0QlJIcWlFU3dlSjh4MlhOdU9wdmYKT2dJeFFKcVBaejdYalJLdE1XZHkvK0ViVnNFaXJaWHl1cWhoeFFwUXRyd0dFN0JqUkljLzU5bkxWRlViU3Z5aQpheXV2U09FL1UwMDQ2d0tDQVFFQTNmRE94bEM0djFsNGc0cys2Qkx5U08yd3JrNS85WVN0V0pwMmRFdHpHMnBBCnRwbUR3cmRqc0lDRDRIRXNUTlVia2tzaGtONTJKY1VmZ25tUDJoYjNoSTRzMWFUUWVUaUY2KzRTeThxc3dEZmQKSUprTG1CSzk4OXhLNzNRR3FYVTdFNGZZSG0vZUxudURQSENpY0NSUnVoVVd3dzJDeUJzVU5tVWM0WGVjaTJmSgpkdEwzcXlvNjJybEtaZzR0bXkwNjZjY2VwSFQwdDNEZ2l6bWFYSnZEVDFYSHd5YWZyZjQ2NGZqaGt5YlU1bjBICmd1VnNZUmRBQ1BrNFRhak9nblZFVXRMclp2UlVSUXJqd3lpVC94aW05TW0xYU52R2pidWQyZS9oYlpKVm52ZnoKQWNHSUtaMDVGT2FtMTluNzJkOWZzZ1FGUmI3VXcvL2M5OXBEWW5Fb3F3S0NBUUJtb1VYZ3J4RGtFcVdaSVBtRAo0L3hQcjlQcWVmS3hWb1FrUmloVEJLbm8rNUtOVC9Vb3pEQmx4SXhqTnpQTUxDOUpvUTBtMGNIYUVCMFhHNmgyCklFNlNTODlENHZLTTQ0Uy9VSXNTR3ZtdmNEWkpGVzlYUXdUdXEzdHB0NUtzcDF2RUtBQmkzUnE0Z2Q0N0oyRU0KVFROdUNxMmdWZDBBb1c2TVJUam9UT0ZLOFk0dk1qM25Qd3FTdXVCQUpQOTFlTTByT0tXR1AvU3dZWnU1eGZvOAp5VThCTEhvNjQyVUsrM21UOGhIZ0hvNGJaZ1hHMnRoVTM4ekdXblVzeFRBYUFkaVdnMXp4ZC9mbFhHUk5zdkpECll5bEdHMUNMaFNJdE02R3A5UVRxM05udWJOSjdBa0dmRmtEK0RWY0dQejdCc1ZYSzZDQ2tiNmFuWHRzVm91R1kKbjZRTEFvSUJBRDFIVXVCQXczSFowME9HdTl5NTlubWFYekVSYlpVdGgrc3g0c2pqV0NuV29YMkpUMjhBMFo2WApMVkpZRFNJOXFQb3drbGo4ZzJTVVU4bmpwSXRUMGcyZ2I5S2hTZ3BlUitQSGZSc1ZuN01HK2FBWmdiRUFZOEFrCkwvQ0RlWjlxUmVCem5vRnc0OGl6dzUxNWYvQTBwdmdaQUlya2ZScWhGMmlaYkdyNGFwbTNFMUlpbDgyRHdISkoKdkxnRzdDS3ZUMWZpNlp3QXl0eW5adWdxQkd2VGVnNjZvWWhKYnNkTXJaZGM3M09Bd2tITmZiaHZmZ2drc2tLSQpCVHEwQkNqVEZnVkVSVWpNNTBPVTZTUW1YUTZQRVBIL2kzNGpTR1F6ekRhelcrdXovcjRBdWZEZkxhaEh4ODMwCmpWYUYwbHJxcVBKdTE4SFZHY3Z3Sm1Pc3VQUkNTRGNDZ2dFQkFPNVNBK01KZU1tWlFIMEkvTzdObFN3TlVTS04KV3VkQWJpc081RExZbFAvT1pZU2lLZnV2cnVkYkRoOUZmeENxVjVmU2J6eFh0dDJ6RFJnZllKd0xaS2p1emR6MwpXd0l6RGNiMEtWV3R1NnBWb0hRMVNiMHlIMUJzbDZWSjN6blB6S1NjU2VEOU5hbDBHd2hJRllpWGwvN0JGMGE1CjFEdXZRMUtNZ0JaeWpSZkJ0dVhXbFFkSUR4UStrcURQOFVtSG1jM25rNm9Zd3ZXUExsb2pVZ3gwVk0xZUN2YXEKL29tN084SXJxMjhIR3hRNXZBckV5cDZheUM3NmpWMWd5V2dqZUtwU1ZkdW5mQTBHSndPVG85b0pHaTNsaWVtdworRWNPNk1KS3M5V0xFS3Nnd3lnT2NuNHVoYXg1WTFldDB4NXdOZHpROEtkbU5tSkUzbXJRUnJyY2UyRT0KLS0tLS1FTkQgUlNBIFBSSVZBVEUgS0VZLS0tLS0K\n    token: og70k0ccgyfsxrm7jgqyrn8l6d039zy9pew5qyqc6k8ljql766mh2ss8mw7rr6e13vppmo2v3txmpabb3wyw5r6x7mnj9l83ruzjkwh15du01fn3znqw4fudyi5rmaiu\n",
            "kubelet_identity": [
              {
                "client_id": "b8496a00-aa31-4ef1-aaad-9d5edb8f7fa3",
                "object_id": "772169d0-f5f7-4550-9bc0-7c3e03772eaf",
                "user_assigned_identity_id": "/subscriptions/27c83813-916e-49fa-8d2a-d35332fc8ca4/resourceGroups/MC_igor_candidate_aks-cluster-v1_eastus/providers/Microsoft.ManagedIdentity/userAssignedIdentities/aks-cluster-v1-agentpool"
              }
            ],
            "kubernetes_version": "1.29",
            "linux_profile": [],
            "local_account_disabled": false,
            "location": "eastus",
            "maintenance_window": [],
            "maintenance_window_auto_upgrade": [],
            "maintenance_window_node_os": [],
            "microsoft_defender": [],
            "monitor_metrics": [],
            "name": "aks-cluster-v1",
            "network_profile": [
              {
                "dns_service_ip": "10.0.0.10",
                "ip_versions": [
                  "IPv4"
                ],
                "load_balancer_profile": [
                  {
                    "effective_outbound_ips": [
                      "/subscriptions/27c83813-916e-49fa-8d2a-d35332fc8ca4/resourceGroups/MC_igor_candidate_aks-cluster-v1_eastus/providers/Microsoft.Network/publicIPAddresses/4b9530d8-dc0b-4ec9-9637-2a732d3e2636"
                    ],
                    "idle_timeout_in_minutes": 0,
                    "managed_outbound_ip_count": 1,
                    "managed_outbound_ipv6_count": 0,
                    "outbound_ip_address_ids": [],
                    "outbound_ip_prefix_ids": [],
                    "outbound_ports_allocated": 0
                  }
                ],
                "load_balancer_sku": "standard",
                "nat_gateway_profile": [],
                "network_data_plane": "azure",
                "network_mode": "",
                "network_plugin": "azure",
                "network_plugin_mode": "",
                "network_policy": "",
                "outbound_type": "loadBalancer",
                "pod_cidr": "",
                "pod_cidrs": [],
                "service_cidr": "10.0.0.0/16",
                "service_cidrs": [
                  "10.0.0.0/16"
                ]
              }
            ],
            "node_os_upgrade_channel": "NodeImage",
            "node_resource_group": "MC_igor_candidate_aks-cluster-v1_eastus",
            "node_resource_group_id": "/subscriptions/27c83813-916e-49fa-8d2a-d35332fc8ca4/resourceGroups/MC_igor_candidate_aks-cluster-v1_eastus",
            "oidc_issuer_enabled": false,
            "oidc_issuer_url": "",
            "oms_agent": [],
            "open_service_mesh_enabled": null,
            "portal_fqdn": "aks-cluster-v1-ebjzysxb.portal.hcp.eastus.azmk8s.io",
            "private_cluster_enabled": false,
            "private_cluster_public_fqdn_enabled": false,
            "private_dns_zone_id": "",
            "private_fqdn": "",
            "resource_group_name": "igor_candidate",
            "role_based_access_control_enabled": true,
            "run_command_enabled": true,
            "service_mesh_profile": [],
            "service_principal": [],
            "sku_tier": "Free",
            "storage_profile": [],
            "support_plan": "KubernetesOfficial",
            "tags": {},
            "timeouts": null,
            "web_app_routing": [],
            "windows_profile": [
              {
                "admin_password": "",
                "admin_username": "azureuser",
                "gmsa": [],
                "license": ""
              }
            ],
            "workload_autoscaler_profile": [],
            "workload_identity_enabled": false
          },
          "sensitive_attributes": [],
          "private": "eyJlMmJmYjczMC1lY2FhLTExZTYtOGY4OC0zNDM2M2JjN2M0YzAiOnsiY3JlYXRlIjo1NDAwMDAwMDAwMDAwLCJkZWxldGUiOjU0MDAwMDAwMDAwMDAsInJlYWQiOjMwMDAwMDAwMDAwMCwidXBkYXRlIjo1NDAwMDAwMDAwMDAwfSwic2NoZW1hX3ZlcnNpb24iOiIyIn0=",
          "dependencies": [
            "azurerm_resource_group.rg"
          ]
        }
      ]
    },
    {
      "mode": "managed",
      "type": "azurerm_linux_virtual_machine",
      "name": "vm",
      "provider": "provider[\"registry.terraform.io/hashicorp/azurerm\"]",
      "instances": [
        {
          "schema_version": 0,
          "attributes": {
            "additional_capabilities": [],
            "admin_password": null,
            "admin_ssh_key": [
              {
                "public_key": "ssh-ed25519 AAAAC3NzaC1lZDI1NTE5AAAAIFmAFRcTC/nzDAW8Eci0GLo/LDwJh37cqWhNIIVNAUgZ igorbrilo@gmail.com\n",
                "username": "azureuser"
              }
            ],
            "admin_username": "azureuser",
            "allow_extension_operations": true,
            "availability_set_id": "",
            "boot_diagnostics": [],
            "bypass_platform_safety_checks_on_user_schedule_enabled": false,
            "capacity_reservation_group_id": "",
            "computer_name": "jenkins-vm",
            "custom_data": "IyEvYmluL2Jhc2gNCiMgSW5zdGFsbCBEb2NrZXINCmFwdC1nZXQgdXBkYXRlDQphcHQtZ2V0IGluc3RhbGwgLXkgXA0KICAgIGFwdC10cmFuc3BvcnQtaHR0cHMgXA0KICAgIGNhLWNlcnRpZmljYXRlcyBcDQogICAgY3VybCBcDQogICAgZ251cGctYWdlbnQgXA0KICAgIHNvZnR3YXJlLXByb3BlcnRpZXMtY29tbW9uDQpjdXJsIC1mc1NMIGh0dHBzOi8vZG93bmxvYWQuZG9ja2VyLmNvbS9saW51eC91YnVudHUvZ3BnIHwgYXB0LWtleSBhZGQgLQ0KYWRkLWFwdC1yZXBvc2l0b3J5IFwNCiAgICJkZWIgW2FyY2g9YW1kNjRdIGh0dHBzOi8vZG93bmxvYWQuZG9ja2VyLmNvbS9saW51eC91YnVudHUgXA0KICAgJChsc2JfcmVsZWFzZSAtY3MpIFwNCiAgIHN0YWJsZSINCmFwdC1nZXQgdXBkYXRlDQphcHQtZ2V0IGluc3RhbGwgLXkgZG9ja2VyLWNlIGRvY2tlci1jZS1jbGkgY29udGFpbmVyZC5pbw0KDQojIEluc3RhbGwgR2l0DQphcHQtZ2V0IGluc3RhbGwgLXkgZ2l0DQoNCiMgSW5zdGFsbCBKZW5raW5zIChBZGFwdCBhcyBuZWVkZWQpDQp3Z2V0IC1xIC1PIC0gaHR0cHM6Ly9wa2cuamVua2lucy5pby9kZWJpYW4tc3RhYmxlL2plbmtpbnMuaW8ua2V5IHwgYXB0LWtleSBhZGQgLQ0Kc2ggLWMgJ2VjaG8gZGViIGh0dHBzOi8vcGtnLmplbmtpbnMuaW8vZGViaWFuLXN0YWJsZSBiaW5hcnkvID4gL2V0Yy9hcHQvc291cmNlcy5saXN0LmQvamVua2lucy5saXN0Jw0KYXB0LWdldCB1cGRhdGUNCmFwdC1nZXQgaW5zdGFsbCAteSBqZW5raW5zDQo=",
            "dedicated_host_group_id": "",
            "dedicated_host_id": "",
            "disable_password_authentication": true,
            "disk_controller_type": "SCSI",
            "edge_zone": "",
            "encryption_at_host_enabled": false,
            "eviction_policy": "",
            "extensions_time_budget": "PT1H30M",
            "gallery_application": [],
            "id": "/subscriptions/27c83813-916e-49fa-8d2a-d35332fc8ca4/resourceGroups/igor_candidate/providers/Microsoft.Compute/virtualMachines/jenkins-vm",
            "identity": [],
            "license_type": "",
            "location": "eastus",
            "max_bid_price": -1,
            "name": "jenkins-vm",
            "network_interface_ids": [
              "/subscriptions/27c83813-916e-49fa-8d2a-d35332fc8ca4/resourceGroups/igor_candidate/providers/Microsoft.Network/networkInterfaces/my-nic"
            ],
            "os_disk": [
              {
                "caching": "ReadWrite",
                "diff_disk_settings": [],
                "disk_encryption_set_id": "",
                "disk_size_gb": 30,
                "name": "jenkins-vm_OsDisk_1_accd8446fc954ee890bf2968c29704af",
                "secure_vm_disk_encryption_set_id": "",
                "security_encryption_type": "",
                "storage_account_type": "Standard_LRS",
                "write_accelerator_enabled": false
              }
            ],
            "os_image_notification": [],
            "patch_assessment_mode": "ImageDefault",
            "patch_mode": "ImageDefault",
            "plan": [],
            "platform_fault_domain": -1,
            "priority": "Regular",
            "private_ip_address": "10.0.1.4",
            "private_ip_addresses": [
              "10.0.1.4"
            ],
            "provision_vm_agent": true,
            "proximity_placement_group_id": "",
            "public_ip_address": "",
            "public_ip_addresses": [],
            "reboot_setting": "",
            "resource_group_name": "igor_candidate",
            "secret": [],
            "secure_boot_enabled": false,
            "size": "Standard_B2pls_v2",
            "source_image_id": "",
            "source_image_reference": [
              {
                "offer": "UbuntuServer",
                "publisher": "Canonical",
                "sku": "18_04-daily-lts-arm64",
                "version": "latest"
              }
            ],
            "tags": {},
            "termination_notification": [],
            "timeouts": null,
            "user_data": "",
            "virtual_machine_id": "dd056cb9-970e-49d9-95fa-165a74a4afac",
            "virtual_machine_scale_set_id": "",
            "vm_agent_platform_updates_enabled": false,
            "vtpm_enabled": false,
            "zone": ""
          },
          "sensitive_attributes": [],
          "private": "eyJlMmJmYjczMC1lY2FhLTExZTYtOGY4OC0zNDM2M2JjN2M0YzAiOnsiY3JlYXRlIjoyNzAwMDAwMDAwMDAwLCJkZWxldGUiOjI3MDAwMDAwMDAwMDAsInJlYWQiOjMwMDAwMDAwMDAwMCwidXBkYXRlIjoyNzAwMDAwMDAwMDAwfX0=",
          "dependencies": [
            "azurerm_network_interface.nic",
            "azurerm_resource_group.rg",
            "azurerm_subnet.subnet",
            "azurerm_virtual_network.vnet"
          ]
        }
      ]
    },
    {
      "mode": "managed",
      "type": "azurerm_network_interface",
      "name": "nic",
      "provider": "provider[\"registry.terraform.io/hashicorp/azurerm\"]",
      "instances": [
        {
          "schema_version": 0,
          "attributes": {
            "accelerated_networking_enabled": false,
            "applied_dns_servers": [],
            "auxiliary_mode": "",
            "auxiliary_sku": "",
            "dns_servers": [],
            "edge_zone": "",
            "id": "/subscriptions/27c83813-916e-49fa-8d2a-d35332fc8ca4/resourceGroups/igor_candidate/providers/Microsoft.Network/networkInterfaces/my-nic",
            "internal_dns_name_label": "",
            "internal_domain_name_suffix": "",
            "ip_configuration": [
              {
                "gateway_load_balancer_frontend_ip_configuration_id": "",
                "name": "my-ip-config",
                "primary": true,
                "private_ip_address": "10.0.1.4",
                "private_ip_address_allocation": "Dynamic",
                "private_ip_address_version": "IPv4",
                "public_ip_address_id": "",
                "subnet_id": "/subscriptions/27c83813-916e-49fa-8d2a-d35332fc8ca4/resourceGroups/igor_candidate/providers/Microsoft.Network/virtualNetworks/my-vnet/subnets/my-subnet"
              }
            ],
            "ip_forwarding_enabled": false,
            "location": "eastus",
            "mac_address": "00-0D-3A-11-58-FB",
            "name": "my-nic",
            "private_ip_address": "10.0.1.4",
            "private_ip_addresses": [
              "10.0.1.4"
            ],
            "resource_group_name": "igor_candidate",
            "tags": {},
            "timeouts": null,
            "virtual_machine_id": "/subscriptions/27c83813-916e-49fa-8d2a-d35332fc8ca4/resourceGroups/igor_candidate/providers/Microsoft.Compute/virtualMachines/jenkins-vm"
          },
          "sensitive_attributes": [],
          "private": "eyJlMmJmYjczMC1lY2FhLTExZTYtOGY4OC0zNDM2M2JjN2M0YzAiOnsiY3JlYXRlIjoxODAwMDAwMDAwMDAwLCJkZWxldGUiOjE4MDAwMDAwMDAwMDAsInJlYWQiOjMwMDAwMDAwMDAwMCwidXBkYXRlIjoxODAwMDAwMDAwMDAwfX0=",
          "dependencies": [
            "azurerm_resource_group.rg",
            "azurerm_subnet.subnet",
            "azurerm_virtual_network.vnet"
          ]
        }
      ]
    },
    {
      "mode": "managed",
      "type": "azurerm_network_security_group",
      "name": "nsg",
      "provider": "provider[\"registry.terraform.io/hashicorp/azurerm\"]",
      "instances": [
        {
          "schema_version": 0,
          "attributes": {
            "id": "/subscriptions/27c83813-916e-49fa-8d2a-d35332fc8ca4/resourceGroups/igor_candidate/providers/Microsoft.Network/networkSecurityGroups/my-nsg",
            "location": "eastus",
            "name": "my-nsg",
            "resource_group_name": "igor_candidate",
            "security_rule": [
              {
                "access": "Allow",
                "description": "",
                "destination_address_prefix": "*",
                "destination_address_prefixes": [],
                "destination_application_security_group_ids": [],
                "destination_port_range": "22",
                "destination_port_ranges": [],
                "direction": "Inbound",
                "name": "allow-ssh",
                "priority": 1001,
                "protocol": "Tcp",
                "source_address_prefix": "*",
                "source_address_prefixes": [],
                "source_application_security_group_ids": [],
                "source_port_range": "*",
                "source_port_ranges": []
              }
            ],
            "tags": {},
            "timeouts": null
          },
          "sensitive_attributes": [],
          "private": "eyJlMmJmYjczMC1lY2FhLTExZTYtOGY4OC0zNDM2M2JjN2M0YzAiOnsiY3JlYXRlIjoxODAwMDAwMDAwMDAwLCJkZWxldGUiOjE4MDAwMDAwMDAwMDAsInJlYWQiOjMwMDAwMDAwMDAwMCwidXBkYXRlIjoxODAwMDAwMDAwMDAwfX0=",
          "dependencies": [
            "azurerm_resource_group.rg"
          ]
        }
      ]
    },
    {
      "mode": "managed",
      "type": "azurerm_public_ip",
      "name": "nginx_ingress_pip",
      "provider": "provider[\"registry.terraform.io/hashicorp/azurerm\"]",
      "instances": [
        {
          "schema_version": 0,
          "attributes": {
            "allocation_method": "Static",
            "ddos_protection_mode": "VirtualNetworkInherited",
            "ddos_protection_plan_id": null,
            "domain_name_label": "my-nginx-ingress",
            "edge_zone": "",
            "fqdn": "my-nginx-ingress.eastus.cloudapp.azure.com",
            "id": "/subscriptions/27c83813-916e-49fa-8d2a-d35332fc8ca4/resourceGroups/igor_candidate/providers/Microsoft.Network/publicIPAddresses/nginx-ingress-pip",
            "idle_timeout_in_minutes": 4,
            "ip_address": "20.168.210.64",
            "ip_tags": {},
            "ip_version": "IPv4",
            "location": "eastus",
            "name": "nginx-ingress-pip",
            "public_ip_prefix_id": null,
            "resource_group_name": "igor_candidate",
            "reverse_fqdn": "",
            "sku": "Standard",
            "sku_tier": "Regional",
            "tags": {},
            "timeouts": null,
            "zones": []
          },
          "sensitive_attributes": [],
          "private": "eyJlMmJmYjczMC1lY2FhLTExZTYtOGY4OC0zNDM2M2JjN2M0YzAiOnsiY3JlYXRlIjoxODAwMDAwMDAwMDAwLCJkZWxldGUiOjE4MDAwMDAwMDAwMDAsInJlYWQiOjMwMDAwMDAwMDAwMCwidXBkYXRlIjoxODAwMDAwMDAwMDAwfX0=",
          "dependencies": [
            "azurerm_resource_group.rg"
          ]
        }
      ]
    },
    {
      "mode": "managed",
      "type": "azurerm_resource_group",
      "name": "rg",
      "provider": "provider[\"registry.terraform.io/hashicorp/azurerm\"]",
      "instances": [
        {
          "schema_version": 0,
          "attributes": {
            "id": "/subscriptions/27c83813-916e-49fa-8d2a-d35332fc8ca4/resourceGroups/igor_candidate",
            "location": "eastus",
            "managed_by": "",
            "name": "igor_candidate",
            "tags": {},
            "timeouts": null
          },
          "sensitive_attributes": [],
          "private": "eyJlMmJmYjczMC1lY2FhLTExZTYtOGY4OC0zNDM2M2JjN2M0YzAiOnsiY3JlYXRlIjo1NDAwMDAwMDAwMDAwLCJkZWxldGUiOjU0MDAwMDAwMDAwMDAsInJlYWQiOjMwMDAwMDAwMDAwMCwidXBkYXRlIjo1NDAwMDAwMDAwMDAwfSwic2NoZW1hX3ZlcnNpb24iOiIwIn0="
        }
      ]
    },
    {
      "mode": "managed",
      "type": "azurerm_subnet",
      "name": "subnet",
      "provider": "provider[\"registry.terraform.io/hashicorp/azurerm\"]",
      "instances": [
        {
          "schema_version": 0,
          "attributes": {
            "address_prefixes": [
              "10.0.1.0/24"
            ],
            "default_outbound_access_enabled": true,
            "delegation": [],
            "id": "/subscriptions/27c83813-916e-49fa-8d2a-d35332fc8ca4/resourceGroups/igor_candidate/providers/Microsoft.Network/virtualNetworks/my-vnet/subnets/my-subnet",
            "name": "my-subnet",
            "private_endpoint_network_policies": "Disabled",
            "private_link_service_network_policies_enabled": true,
            "resource_group_name": "igor_candidate",
            "service_endpoint_policy_ids": [],
            "service_endpoints": [],
            "timeouts": null,
            "virtual_network_name": "my-vnet"
          },
          "sensitive_attributes": [],
          "private": "eyJlMmJmYjczMC1lY2FhLTExZTYtOGY4OC0zNDM2M2JjN2M0YzAiOnsiY3JlYXRlIjoxODAwMDAwMDAwMDAwLCJkZWxldGUiOjE4MDAwMDAwMDAwMDAsInJlYWQiOjMwMDAwMDAwMDAwMCwidXBkYXRlIjoxODAwMDAwMDAwMDAwfX0=",
          "dependencies": [
            "azurerm_resource_group.rg",
            "azurerm_virtual_network.vnet"
          ]
        }
      ]
    },
    {
      "mode": "managed",
      "type": "azurerm_virtual_network",
      "name": "vnet",
      "provider": "provider[\"registry.terraform.io/hashicorp/azurerm\"]",
      "instances": [
        {
          "schema_version": 0,
          "attributes": {
            "address_space": [
              "10.0.0.0/16"
            ],
            "bgp_community": "",
            "ddos_protection_plan": [],
            "dns_servers": [],
            "edge_zone": "",
            "encryption": [],
            "flow_timeout_in_minutes": 0,
            "guid": "95a704ad-2899-47f1-91db-af14900322a4",
            "id": "/subscriptions/27c83813-916e-49fa-8d2a-d35332fc8ca4/resourceGroups/igor_candidate/providers/Microsoft.Network/virtualNetworks/my-vnet",
            "location": "eastus",
            "name": "my-vnet",
            "resource_group_name": "igor_candidate",
            "subnet": [
              {
                "address_prefixes": [
                  "10.0.1.0/24"
                ],
                "default_outbound_access_enabled": true,
                "delegation": [],
                "id": "/subscriptions/27c83813-916e-49fa-8d2a-d35332fc8ca4/resourceGroups/igor_candidate/providers/Microsoft.Network/virtualNetworks/my-vnet/subnets/my-subnet",
                "name": "my-subnet",
                "private_endpoint_network_policies": "Disabled",
                "private_link_service_network_policies_enabled": true,
                "route_table_id": "",
                "security_group": "",
                "service_endpoint_policy_ids": [],
                "service_endpoints": []
              }
            ],
            "tags": {},
            "timeouts": null
          },
          "sensitive_attributes": [],
          "private": "eyJlMmJmYjczMC1lY2FhLTExZTYtOGY4OC0zNDM2M2JjN2M0YzAiOnsiY3JlYXRlIjoxODAwMDAwMDAwMDAwLCJkZWxldGUiOjE4MDAwMDAwMDAwMDAsInJlYWQiOjMwMDAwMDAwMDAwMCwidXBkYXRlIjoxODAwMDAwMDAwMDAwfX0=",
          "dependencies": [
            "azurerm_resource_group.rg"
          ]
        }
      ]
    },
    {
      "mode": "managed",
      "type": "helm_release",
      "name": "cert_manager",
      "provider": "provider[\"registry.terraform.io/hashicorp/helm\"]",
      "instances": [
        {
          "schema_version": 1,
          "attributes": {
            "atomic": false,
            "chart": "cert-manager",
            "cleanup_on_fail": false,
            "create_namespace": true,
            "dependency_update": false,
            "description": null,
            "devel": null,
            "disable_crd_hooks": false,
            "disable_openapi_validation": false,
            "disable_webhooks": false,
            "force_update": false,
            "id": "cert-manager",
            "keyring": null,
            "lint": false,
            "manifest": null,
            "max_history": 0,
            "metadata": [
              {
                "app_version": "v1.12.0",
                "chart": "cert-manager",
                "first_deployed": 1727175176,
                "last_deployed": 1727175176,
                "name": "cert-manager",
                "namespace": "cert-manager",
                "notes": "cert-manager v1.12.0 has been deployed successfully!\n\nIn order to begin issuing certificates, you will need to set up a ClusterIssuer\nor Issuer resource (for example, by creating a 'letsencrypt-staging' issuer).\n\nMore information on the different types of issuers and how to configure them\ncan be found in our documentation:\n\nhttps://cert-manager.io/docs/configuration/\n\nFor information on how to configure cert-manager to automatically provision\nCertificates for Ingress resources, take a look at the `ingress-shim`\ndocumentation:\n\nhttps://cert-manager.io/docs/usage/ingress/\n",
                "revision": 1,
                "values": "{\"externalDNS\":{\"azure\":{\"aadClientSecretSecretRef\":{\"key\":\"client-secret\",\"name\":\"azure-dns-secret\"},\"resourceGroupName\":\"igor_candidate\",\"subscriptionID\":\"27c83813-916e-49fa-8d2a-d35332fc8ca4\",\"tenantID\":\"bd4f0481-b137-40f1-9e64-20cfd55fbf49\"},\"provider\":\"azure\",\"txtOwnerId\":\"cert-manager\"},\"extraArgs\":[\"--dns01-recursive-nameservers=8.8.8.8:53,8.8.4.4:53\",\"--dns01-recursive-nameservers-only\"],\"installCRDs\":true}",
                "version": "v1.12.0"
              }
            ],
            "name": "cert-manager",
            "namespace": "cert-manager",
            "pass_credentials": false,
            "postrender": [],
            "recreate_pods": false,
            "render_subchart_notes": true,
            "replace": false,
            "repository": "https://charts.jetstack.io",
            "repository_ca_file": null,
            "repository_cert_file": null,
            "repository_key_file": null,
            "repository_password": null,
            "repository_username": null,
            "reset_values": false,
            "reuse_values": false,
            "set": [
              {
                "name": "externalDNS.azure.aadClientSecretSecretRef.key",
                "type": "",
                "value": "client-secret"
              },
              {
                "name": "externalDNS.azure.aadClientSecretSecretRef.name",
                "type": "",
                "value": "azure-dns-secret"
              },
              {
                "name": "externalDNS.azure.resourceGroupName",
                "type": "",
                "value": "igor_candidate"
              },
              {
                "name": "externalDNS.azure.subscriptionID",
                "type": "",
                "value": "27c83813-916e-49fa-8d2a-d35332fc8ca4"
              },
              {
                "name": "externalDNS.azure.tenantID",
                "type": "",
                "value": "bd4f0481-b137-40f1-9e64-20cfd55fbf49"
              },
              {
                "name": "externalDNS.provider",
                "type": "",
                "value": "azure"
              },
              {
                "name": "externalDNS.txtOwnerId",
                "type": "",
                "value": "cert-manager"
              },
              {
                "name": "extraArgs[0]",
                "type": "",
                "value": "--dns01-recursive-nameservers=8.8.8.8:53\\,8.8.4.4:53"
              },
              {
                "name": "extraArgs[1]",
                "type": "",
                "value": "--dns01-recursive-nameservers-only"
              },
              {
                "name": "installCRDs",
                "type": "",
                "value": "true"
              }
            ],
            "set_list": [],
            "set_sensitive": [],
            "skip_crds": false,
            "status": "deployed",
            "timeout": 300,
            "upgrade_install": null,
            "values": null,
            "verify": false,
            "version": "v1.12.0",
            "wait": true,
            "wait_for_jobs": false
          },
          "sensitive_attributes": [],
          "private": "eyJzY2hlbWFfdmVyc2lvbiI6IjEifQ==",
          "dependencies": [
            "azurerm_kubernetes_cluster.aks",
            "azurerm_resource_group.rg"
          ]
        }
      ]
    },
    {
      "mode": "managed",
      "type": "helm_release",
      "name": "nginx_ingress",
      "provider": "provider[\"registry.terraform.io/hashicorp/helm\"]",
      "instances": [
        {
          "schema_version": 1,
          "attributes": {
            "atomic": false,
            "chart": "ingress-nginx",
            "cleanup_on_fail": false,
            "create_namespace": false,
            "dependency_update": false,
            "description": null,
            "devel": null,
            "disable_crd_hooks": false,
            "disable_openapi_validation": false,
            "disable_webhooks": false,
            "force_update": false,
            "id": "nginx-ingress",
            "keyring": null,
            "lint": false,
            "manifest": null,
            "max_history": 0,
            "metadata": [
              {
                "app_version": "1.5.1",
                "chart": "ingress-nginx",
                "first_deployed": 1727107306,
                "last_deployed": 1727107483,
                "name": "nginx-ingress",
                "namespace": "ingress-nginx",
                "notes": "The ingress-nginx controller has been installed.\nIt may take a few minutes for the LoadBalancer IP to be available.\nYou can watch the status by running 'kubectl --namespace ingress-nginx get services -o wide -w nginx-ingress-ingress-nginx-controller'\n\nAn example Ingress that makes use of the controller:\n  apiVersion: networking.k8s.io/v1\n  kind: Ingress\n  metadata:\n    name: example\n    namespace: foo\n  spec:\n    ingressClassName: nginx\n    rules:\n      - host: www.example.com\n        http:\n          paths:\n            - pathType: Prefix\n              backend:\n                service:\n                  name: exampleService\n                  port:\n                    number: 80\n              path: /\n    # This section is only required if TLS is to be enabled for the Ingress\n    tls:\n      - hosts:\n        - www.example.com\n        secretName: example-tls\n\nIf TLS is enabled for the Ingress, a Secret containing the certificate and key must also be provided:\n\n  apiVersion: v1\n  kind: Secret\n  metadata:\n    name: example-tls\n    namespace: foo\n  data:\n    tls.crt: \u003cbase64 encoded cert\u003e\n    tls.key: \u003cbase64 encoded key\u003e\n  type: kubernetes.io/tls\n",
                "revision": 2,
                "values": "{\"controller\":{\"ingressClassResource\":{\"default\":true,\"name\":\"nginx\"},\"service\":{\"loadBalancerIP\":\"20.168.210.64\"}}}",
                "version": "4.4.0"
              }
            ],
            "name": "nginx-ingress",
            "namespace": "ingress-nginx",
            "pass_credentials": false,
            "postrender": [],
            "recreate_pods": false,
            "render_subchart_notes": true,
            "replace": false,
            "repository": "https://kubernetes.github.io/ingress-nginx",
            "repository_ca_file": null,
            "repository_cert_file": null,
            "repository_key_file": null,
            "repository_password": null,
            "repository_username": null,
            "reset_values": false,
            "reuse_values": false,
            "set": [
              {
                "name": "controller.ingressClassResource.default",
                "type": "",
                "value": "true"
              },
              {
                "name": "controller.ingressClassResource.name",
                "type": "",
                "value": "nginx"
              },
              {
                "name": "controller.service.loadBalancerIP",
                "type": "",
                "value": "20.168.210.64"
              }
            ],
            "set_list": [],
            "set_sensitive": [],
            "skip_crds": false,
            "status": "deployed",
            "timeout": 300,
            "upgrade_install": null,
            "values": null,
            "verify": false,
            "version": "4.4.0",
            "wait": false,
            "wait_for_jobs": false
          },
          "sensitive_attributes": [],
          "private": "eyJzY2hlbWFfdmVyc2lvbiI6IjEifQ==",
          "dependencies": [
            "azurerm_kubernetes_cluster.aks",
            "azurerm_public_ip.nginx_ingress_pip",
            "azurerm_resource_group.rg"
          ]
        }
      ]
    }
  ],
  "check_results": null
}
